github.com/Karunasrireddy/dog v0.0.0-20240605090933-90a0a44e2cea h1:rOanCc9m2oE2B8ueYAc+Jw2o1403CNkL9G0vIyUSNX4=
github.com/Karunasrireddy/dog v0.0.0-20240605090933-90a0a44e2cea/go.mod h1:OCU5BsNI8hLgx6b5pXLZ7R5WxCrL6BkvDSLAHhwnqWg=
github.com/Karunasrireddy/puppy v0.0.0-20240605091601-bd8ba9dae96a h1:hgxdUM5kOcs99LwdcpxNa2QMd2/7fcYby/B+cWCFV5Y=
github.com/Karunasrireddy/puppy v0.0.0-20240605091601-bd8ba9dae96a/go.mod h1:pQ2TnshkYSRV+dFsOzc5r9w2CBhPokqpv5CLMfwTdxQ=
